github.com/JustinTimperio/osinfo v0.0.0-20210705143940-9e63396e3c2f h1:17VMyI3zt1WLxWu/0PYvS5lxmwhaaGDzgD6AhF2GlAI=
github.com/JustinTimperio/osinfo v0.0.0-20210705143940-9e63396e3c2f/go.mod h1:XzwetahnRWkdgdIQgXyahEaEvLDncafoTQE+2DeL9H0=
golang.org/x/sys v0.0.0-20210305230114-8fe3ee5dd75b h1:ggRgirZABFolTmi3sn6Ivd9SipZwLedQ5wR0aAKnFxU=
golang.org/x/sys v0.0.0-20210305230114-8fe3ee5dd75b/go.mod h1:h1NjWce9XRLGQEsW7wpKNCjG9DtNlClVuFLEZdDNbEs=